
Microsoft Visual Studio Solution File, Format Version 12.00
# Visual Studio 14
VisualStudioVersion = 14.0.24720.0
MinimumVisualStudioVersion = 10.0.40219.1
Project("{FAE04EC0-301F-11D3-BF4B-00C04F79EFBC}") = "RedisBlog", "RedisBlog\RedisBlog.csproj", "{479D2AC1-9096-4B91-A5A8-BDC3D2966BF0}"
EndProject
Project("{FAE04EC0-301F-11D3-BF4B-00C04F79EFBC}") = "Rank", "Rank\Rank.csproj", "{7A685E04-CC02-46F0-B6A4-5F0298189748}"
EndProject
Global
	GlobalSection(SolutionConfigurationPlatforms) = preSolution
		Debug|Any CPU = Debug|Any CPU
		Release|Any CPU = Release|Any CPU
	EndGlobalSection
	GlobalSection(ProjectConfigurationPlatforms) = postSolution
		{479D2AC1-9096-4B91-A5A8-BDC3D2966BF0}.Debug|Any CPU.ActiveCfg = Debug|Any CPU
		{479D2AC1-9096-4B91-A5A8-BDC3D2966BF0}.Debug|Any CPU.Build.0 = Debug|Any CPU
		{479D2AC1-9096-4B91-A5A8-BDC3D2966BF0}.Release|Any CPU.ActiveCfg = Release|Any CPU
		{479D2AC1-9096-4B91-A5A8-BDC3D2966BF0}.Release|Any CPU.Build.0 = Release|Any CPU
		{7A685E04-CC02-46F0-B6A4-5F0298189748}.Debug|Any CPU.ActiveCfg = Debug|Any CPU
		{7A685E04-CC02-46F0-B6A4-5F0298189748}.Debug|Any CPU.Build.0 = Debug|Any CPU
		{7A685E04-CC02-46F0-B6A4-5F0298189748}.Release|Any CPU.ActiveCfg = Release|Any CPU
		{7A685E04-CC02-46F0-B6A4-5F0298189748}.Release|Any CPU.Build.0 = Release|Any CPU
	EndGlobalSection
	GlobalSection(SolutionProperties) = preSolution
		HideSolutionNode = FALSE
	EndGlobalSection
EndGlobal
